
Microsoft Visual Studio Solution File, Format Version 12.00
# Visual Studio 2013
VisualStudioVersion = 12.0.40629.0
MinimumVisualStudioVersion = 10.0.40219.1
Project("{FAE04EC0-301F-11D3-BF4B-00C04F79EFBC}") = "ExcelTest", "ExcelTest\ExcelTest.csproj", "{3C34C252-57EA-4B75-90E6-3762C36A32B8}"
EndProject
Project("{FAE04EC0-301F-11D3-BF4B-00C04F79EFBC}") = "DAL", "DAL\DAL.csproj", "{FA4B706A-83B9-46AD-BECA-A4600660E68A}"
EndProject
Project("{FAE04EC0-301F-11D3-BF4B-00C04F79EFBC}") = "EPPlusLib", "EPPlusLib\EPPlusLib.csproj", "{BADABDC6-8722-4AE7-80DD-D6B5335FF30F}"
EndProject
Project("{FAE04EC0-301F-11D3-BF4B-00C04F79EFBC}") = "UnitTestProject", "UnitTestProject\UnitTestProject.csproj", "{BF856522-08EB-40B5-A100-F1ACD1418FB9}"
EndProject
Project("{FAE04EC0-301F-11D3-BF4B-00C04F79EFBC}") = "Core", "Core\Core.csproj", "{68CF0CE7-E946-46DC-9387-5CF4888552D0}"
EndProject
Global
	GlobalSection(SolutionConfigurationPlatforms) = preSolution
		Debug|Any CPU = Debug|Any CPU
		Release|Any CPU = Release|Any CPU
	EndGlobalSection
	GlobalSection(ProjectConfigurationPlatforms) = postSolution
		{3C34C252-57EA-4B75-90E6-3762C36A32B8}.Debug|Any CPU.ActiveCfg = Debug|Any CPU
		{3C34C252-57EA-4B75-90E6-3762C36A32B8}.Debug|Any CPU.Build.0 = Debug|Any CPU
		{3C34C252-57EA-4B75-90E6-3762C36A32B8}.Release|Any CPU.ActiveCfg = Release|Any CPU
		{3C34C252-57EA-4B75-90E6-3762C36A32B8}.Release|Any CPU.Build.0 = Release|Any CPU
		{FA4B706A-83B9-46AD-BECA-A4600660E68A}.Debug|Any CPU.ActiveCfg = Debug|Any CPU
		{FA4B706A-83B9-46AD-BECA-A4600660E68A}.Debug|Any CPU.Build.0 = Debug|Any CPU
		{FA4B706A-83B9-46AD-BECA-A4600660E68A}.Release|Any CPU.ActiveCfg = Release|Any CPU
		{FA4B706A-83B9-46AD-BECA-A4600660E68A}.Release|Any CPU.Build.0 = Release|Any CPU
		{BADABDC6-8722-4AE7-80DD-D6B5335FF30F}.Debug|Any CPU.ActiveCfg = Debug|Any CPU
		{BADABDC6-8722-4AE7-80DD-D6B5335FF30F}.Debug|Any CPU.Build.0 = Debug|Any CPU
		{BADABDC6-8722-4AE7-80DD-D6B5335FF30F}.Release|Any CPU.ActiveCfg = Release|Any CPU
		{BADABDC6-8722-4AE7-80DD-D6B5335FF30F}.Release|Any CPU.Build.0 = Release|Any CPU
		{BF856522-08EB-40B5-A100-F1ACD1418FB9}.Debug|Any CPU.ActiveCfg = Debug|Any CPU
		{BF856522-08EB-40B5-A100-F1ACD1418FB9}.Debug|Any CPU.Build.0 = Debug|Any CPU
		{BF856522-08EB-40B5-A100-F1ACD1418FB9}.Release|Any CPU.ActiveCfg = Release|Any CPU
		{BF856522-08EB-40B5-A100-F1ACD1418FB9}.Release|Any CPU.Build.0 = Release|Any CPU
		{68CF0CE7-E946-46DC-9387-5CF4888552D0}.Debug|Any CPU.ActiveCfg = Debug|Any CPU
		{68CF0CE7-E946-46DC-9387-5CF4888552D0}.Debug|Any CPU.Build.0 = Debug|Any CPU
		{68CF0CE7-E946-46DC-9387-5CF4888552D0}.Release|Any CPU.ActiveCfg = Release|Any CPU
		{68CF0CE7-E946-46DC-9387-5CF4888552D0}.Release|Any CPU.Build.0 = Release|Any CPU
	EndGlobalSection
	GlobalSection(SolutionProperties) = preSolution
		HideSolutionNode = FALSE
	EndGlobalSection
EndGlobal
